// !$*UTF8*$!
{
	archiveVersion = 1;
	classes = {
	};
	objectVersion = 46;
	objects = {

/* Begin PBXBuildFile section */
		4869AAC21DE29AB900B8325F /* AppDelegate.swift in Sources */ = {isa = PBXBuildFile; fileRef = 4869AAC11DE29AB900B8325F /* AppDelegate.swift */; };
		4869AAC41DE29AB900B8325F /* ViewController.swift in Sources */ = {isa = PBXBuildFile; fileRef = 4869AAC31DE29AB900B8325F /* ViewController.swift */; };
		4869AAC71DE29AB900B8325F /* Main.storyboard in Resources */ = {isa = PBXBuildFile; fileRef = 4869AAC51DE29AB900B8325F /* Main.storyboard */; };
		4869AAC91DE29AB900B8325F /* Assets.xcassets in Resources */ = {isa = PBXBuildFile; fileRef = 4869AAC81DE29AB900B8325F /* Assets.xcassets */; };
		4869AACC1DE29AB900B8325F /* LaunchScreen.storyboard in Resources */ = {isa = PBXBuildFile; fileRef = 4869AACA1DE29AB900B8325F /* LaunchScreen.storyboard */; };
		4869AAD71DE29AB900B8325F /* TodoAppTests.swift in Sources */ = {isa = PBXBuildFile; fileRef = 4869AAD61DE29AB900B8325F /* TodoAppTests.swift */; };
		4869AAE21DE29AB900B8325F /* TodoAppUITests.swift in Sources */ = {isa = PBXBuildFile; fileRef = 4869AAE11DE29AB900B8325F /* TodoAppUITests.swift */; };
/* End PBXBuildFile section */

/* Begin PBXContainerItemProxy section */
		4869AAD31DE29AB900B8325F /* PBXContainerItemProxy */ = {
			isa = PBXContainerItemProxy;
			containerPortal = 4869AAB61DE29AB900B8325F /* Project object */;
			proxyType = 1;
			remoteGlobalIDString = 4869AABD1DE29AB900B8325F;
			remoteInfo = TodoApp;
		};
		4869AADE1DE29AB900B8325F /* PBXContainerItemProxy */ = {
			isa = PBXContainerItemProxy;
			containerPortal = 4869AAB61DE29AB900B8325F /* Project object */;
			proxyType = 1;
			remoteGlobalIDString = 4869AABD1DE29AB900B8325F;
			remoteInfo = TodoApp;
		};
/* End PBXContainerItemProxy section */

/* Begin PBXFileReference section */
		4869AABE1DE29AB900B8325F /* TodoApp.app */ = {isa = PBXFileReference; explicitFileType = wrapper.application; includeInIndex = 0; path = TodoApp.app; sourceTree = BUILT_PRODUCTS_DIR; };
		4869AAC11DE29AB900B8325F /* AppDelegate.swift */ = {isa = PBXFileReference; lastKnownFileType = sourcecode.swift; path = AppDelegate.swift; sourceTree = "<group>"; };
		4869AAC31DE29AB900B8325F /* ViewController.swift */ = {isa = PBXFileReference; lastKnownFileType = sourcecode.swift; path = ViewController.swift; sourceTree = "<group>"; };
		4869AAC61DE29AB900B8325F /* Base */ = {isa = PBXFileReference; lastKnownFileType = file.storyboard; name = Base; path = Base.lproj/Main.storyboard; sourceTree = "<group>"; };
		4869AAC81DE29AB900B8325F /* Assets.xcassets */ = {isa = PBXFileReference; lastKnownFileType = folder.assetcatalog; path = Assets.xcassets; sourceTree = "<group>"; };
		4869AACB1DE29AB900B8325F /* Base */ = {isa = PBXFileReference; lastKnownFileType = file.storyboard; name = Base; path = Base.lproj/LaunchScreen.storyboard; sourceTree = "<group>"; };
		4869AACD1DE29AB900B8325F /* Info.plist */ = {isa = PBXFileReference; lastKnownFileType = text.plist.xml; path = Info.plist; sourceTree = "<group>"; };
		4869AAD21DE29AB900B8325F /* TodoAppTests.xctest */ = {isa = PBXFileReference; explicitFileType = wrapper.cfbundle; includeInIndex = 0; path = TodoAppTests.xctest; sourceTree = BUILT_PRODUCTS_DIR; };
		4869AAD61DE29AB900B8325F /* TodoAppTests.swift */ = {isa = PBXFileReference; lastKnownFileType = sourcecode.swift; path = TodoAppTests.swift; sourceTree = "<group>"; };
		4869AAD81DE29AB900B8325F /* Info.plist */ = {isa = PBXFileReference; lastKnownFileType = text.plist.xml; path = Info.plist; sourceTree = "<group>"; };
		4869AADD1DE29AB900B8325F /* TodoAppUITests.xctest */ = {isa = PBXFileReference; explicitFileType = wrapper.cfbundle; includeInIndex = 0; path = TodoAppUITests.xctest; sourceTree = BUILT_PRODUCTS_DIR; };
		4869AAE11DE29AB900B8325F /* TodoAppUITests.swift */ = {isa = PBXFileReference; lastKnownFileType = sourcecode.swift; path = TodoAppUITests.swift; sourceTree = "<group>"; };
		4869AAE31DE29AB900B8325F /* Info.plist */ = {isa = PBXFileReference; lastKnownFileType = text.plist.xml; path = Info.plist; sourceTree = "<group>"; };
/* End PBXFileReference section */

/* Begin PBXFrameworksBuildPhase section */
		4869AABB1DE29AB900B8325F /* Frameworks */ = {
			isa = PBXFrameworksBuildPhase;
			buildActionMask = 2147483647;
			files = (
			);
			runOnlyForDeploymentPostprocessing = 0;
		};
		4869AACF1DE29AB900B8325F /* Frameworks */ = {
			isa = PBXFrameworksBuildPhase;
			buildActionMask = 2147483647;
			files = (
			);
			runOnlyForDeploymentPostprocessing = 0;
		};
		4869AADA1DE29AB900B8325F /* Frameworks */ = {
			isa = PBXFrameworksBuildPhase;
			buildActionMask = 2147483647;
			files = (
			);
			runOnlyForDeploymentPostprocessing = 0;
		};
/* End PBXFrameworksBuildPhase section */

/* Begin PBXGroup section */
		4869AAB51DE29AB900B8325F = {
			isa = PBXGroup;
			children = (
				4869AAC01DE29AB900B8325F /* TodoApp */,
				4869AAD51DE29AB900B8325F /* TodoAppTests */,
				4869AAE01DE29AB900B8325F /* TodoAppUITests */,
				4869AABF1DE29AB900B8325F /* Products */,
			);
			sourceTree = "<group>";
		};
		4869AABF1DE29AB900B8325F /* Products */ = {
			isa = PBXGroup;
			children = (
				4869AABE1DE29AB900B8325F /* TodoApp.app */,
				4869AAD21DE29AB900B8325F /* TodoAppTests.xctest */,
				4869AADD1DE29AB900B8325F /* TodoAppUITests.xctest */,
			);
			name = Products;
			sourceTree = "<group>";
		};
		4869AAC01DE29AB900B8325F /* TodoApp */ = {
			isa = PBXGroup;
			children = (
				4869AAC11DE29AB900B8325F /* AppDelegate.swift */,
				4869AAC31DE29AB900B8325F /* ViewController.swift */,
				4869AAC51DE29AB900B8325F /* Main.storyboard */,
				4869AAC81DE29AB900B8325F /* Assets.xcassets */,
				4869AACA1DE29AB900B8325F /* LaunchScreen.storyboard */,
				4869AACD1DE29AB900B8325F /* Info.plist */,
			);
			path = TodoApp;
			sourceTree = "<group>";
		};
		4869AAD51DE29AB900B8325F /* TodoAppTests */ = {
			isa = PBXGroup;
			children = (
				4869AAD61DE29AB900B8325F /* TodoAppTests.swift */,
				4869AAD81DE29AB900B8325F /* Info.plist */,
			);
			path = TodoAppTests;
			sourceTree = "<group>";
		};
		4869AAE01DE29AB900B8325F /* TodoAppUITests */ = {
			isa = PBXGroup;
			children = (
				4869AAE11DE29AB900B8325F /* TodoAppUITests.swift */,
				4869AAE31DE29AB900B8325F /* Info.plist */,
			);
			path = TodoAppUITests;
			sourceTree = "<group>";
		};
/* End PBXGroup section */

/* Begin PBXNativeTarget section */
		4869AABD1DE29AB900B8325F /* TodoApp */ = {
			isa = PBXNativeTarget;
			buildConfigurationList = 4869AAE61DE29AB900B8325F /* Build configuration list for PBXNativeTarget "TodoApp" */;
			buildPhases = (
				4869AABA1DE29AB900B8325F /* Sources */,
				4869AABB1DE29AB900B8325F /* Frameworks */,
				4869AABC1DE29AB900B8325F /* Resources */,
			);
			buildRules = (
			);
			dependencies = (
			);
			name = TodoApp;
			productName = TodoApp;
			productReference = 4869AABE1DE29AB900B8325F /* TodoApp.app */;
			productType = "com.apple.product-type.application";
		};
		4869AAD11DE29AB900B8325F /* TodoAppTests */ = {
			isa = PBXNativeTarget;
			buildConfigurationList = 4869AAE91DE29AB900B8325F /* Build configuration list for PBXNativeTarget "TodoAppTests" */;
			buildPhases = (
				4869AACE1DE29AB900B8325F /* Sources */,
				4869AACF1DE29AB900B8325F /* Frameworks */,
				4869AAD01DE29AB900B8325F /* Resources */,
			);
			buildRules = (
			);
			dependencies = (
				4869AAD41DE29AB900B8325F /* PBXTargetDependency */,
			);
			name = TodoAppTests;
			productName = TodoAppTests;
			productReference = 4869AAD21DE29AB900B8325F /* TodoAppTests.xctest */;
			productType = "com.apple.product-type.bundle.unit-test";
		};
		4869AADC1DE29AB900B8325F /* TodoAppUITests */ = {
			isa = PBXNativeTarget;
			buildConfigurationList = 4869AAEC1DE29AB900B8325F /* Build configuration list for PBXNativeTarget "TodoAppUITests" */;
			buildPhases = (
				4869AAD91DE29AB900B8325F /* Sources */,
				4869AADA1DE29AB900B8325F /* Frameworks */,
				4869AADB1DE29AB900B8325F /* Resources */,
			);
			buildRules = (
			);
			dependencies = (
				4869AADF1DE29AB900B8325F /* PBXTargetDependency */,
			);
			name = TodoAppUITests;
			productName = TodoAppUITests;
			productReference = 4869AADD1DE29AB900B8325F /* TodoAppUITests.xctest */;
			productType = "com.apple.product-type.bundle.ui-testing";
		};
/* End PBXNativeTarget section */

/* Begin PBXProject section */
		4869AAB61DE29AB900B8325F /* Project object */ = {
			isa = PBXProject;
			attributes = {
				LastSwiftUpdateCheck = 0810;
				LastUpgradeCheck = 0810;
				ORGANIZATIONNAME = "steven burnett";
				TargetAttributes = {
					4869AABD1DE29AB900B8325F = {
						CreatedOnToolsVersion = 8.1;
						ProvisioningStyle = Automatic;
					};
					4869AAD11DE29AB900B8325F = {
						CreatedOnToolsVersion = 8.1;
						ProvisioningStyle = Automatic;
						TestTargetID = 4869AABD1DE29AB900B8325F;
					};
					4869AADC1DE29AB900B8325F = {
						CreatedOnToolsVersion = 8.1;
						ProvisioningStyle = Automatic;
						TestTargetID = 4869AABD1DE29AB900B8325F;
					};
				};
			};
			buildConfigurationList = 4869AAB91DE29AB900B8325F /* Build configuration list for PBXProject "TodoApp" */;
			compatibilityVersion = "Xcode 3.2";
			developmentRegion = English;
			hasScannedForEncodings = 0;
			knownRegions = (
				en,
				Base,
			);
			mainGroup = 4869AAB51DE29AB900B8325F;
			productRefGroup = 4869AABF1DE29AB900B8325F /* Products */;
			projectDirPath = "";
			projectRoot = "";
			targets = (
				4869AABD1DE29AB900B8325F /* TodoApp */,
				4869AAD11DE29AB900B8325F /* TodoAppTests */,
				4869AADC1DE29AB900B8325F /* TodoAppUITests */,
			);
		};
/* End PBXProject section */

/* Begin PBXResourcesBuildPhase section */
		4869AABC1DE29AB900B8325F /* Resources */ = {
			isa = PBXResourcesBuildPhase;
			buildActionMask = 2147483647;
			files = (
				4869AACC1DE29AB900B8325F /* LaunchScreen.storyboard in Resources */,
				4869AAC91DE29AB900B8325F /* Assets.xcassets in Resources */,
				4869AAC71DE29AB900B8325F /* Main.storyboard in Resources */,
			);
			runOnlyForDeploymentPostprocessing = 0;
		};
		4869AAD01DE29AB900B8325F /* Resources */ = {
			isa = PBXResourcesBuildPhase;
			buildActionMask = 2147483647;
			files = (
			);
			runOnlyForDeploymentPostprocessing = 0;
		};
		4869AADB1DE29AB900B8325F /* Resources */ = {
			isa = PBXResourcesBuildPhase;
			buildActionMask = 2147483647;
			files = (
			);
			runOnlyForDeploymentPostprocessing = 0;
		};
/* End PBXResourcesBuildPhase section */

/* Begin PBXSourcesBuildPhase section */
		4869AABA1DE29AB900B8325F /* Sources */ = {
			isa = PBXSourcesBuildPhase;
			buildActionMask = 2147483647;
			files = (
				4869AAC41DE29AB900B8325F /* ViewController.swift in Sources */,
				4869AAC21DE29AB900B8325F /* AppDelegate.swift in Sources */,
			);
			runOnlyForDeploymentPostprocessing = 0;
		};
		4869AACE1DE29AB900B8325F /* Sources */ = {
			isa = PBXSourcesBuildPhase;
			buildActionMask = 2147483647;
			files = (
				4869AAD71DE29AB900B8325F /* TodoAppTests.swift in Sources */,
			);
			runOnlyForDeploymentPostprocessing = 0;
		};
		4869AAD91DE29AB900B8325F /* Sources */ = {
			isa = PBXSourcesBuildPhase;
			buildActionMask = 2147483647;
			files = (
				4869AAE21DE29AB900B8325F /* TodoAppUITests.swift in Sources */,
			);
			runOnlyForDeploymentPostprocessing = 0;
		};
/* End PBXSourcesBuildPhase section */

/* Begin PBXTargetDependency section */
		4869AAD41DE29AB900B8325F /* PBXTargetDependency */ = {
			isa = PBXTargetDependency;
			target = 4869AABD1DE29AB900B8325F /* TodoApp */;
			targetProxy = 4869AAD31DE29AB900B8325F /* PBXContainerItemProxy */;
		};
		4869AADF1DE29AB900B8325F /* PBXTargetDependency */ = {
			isa = PBXTargetDependency;
			target = 4869AABD1DE29AB900B8325F /* TodoApp */;
			targetProxy = 4869AADE1DE29AB900B8325F /* PBXContainerItemProxy */;
		};
/* End PBXTargetDependency section */

/* Begin PBXVariantGroup section */
		4869AAC51DE29AB900B8325F /* Main.storyboard */ = {
			isa = PBXVariantGroup;
			children = (
				4869AAC61DE29AB900B8325F /* Base */,
			);
			name = Main.storyboard;
			sourceTree = "<group>";
		};
		4869AACA1DE29AB900B8325F /* LaunchScreen.storyboard */ = {
			isa = PBXVariantGroup;
			children = (
				4869AACB1DE29AB900B8325F /* Base */,
			);
			name = LaunchScreen.storyboard;
			sourceTree = "<group>";
		};
/* End PBXVariantGroup section */

/* Begin XCBuildConfiguration section */
		4869AAE41DE29AB900B8325F /* Debug */ = {
			isa = XCBuildConfiguration;
			buildSettings = {
				ALWAYS_SEARCH_USER_PATHS = NO;
				CLANG_ANALYZER_NONNULL = YES;
				CLANG_CXX_LANGUAGE_STANDARD = "gnu++0x";
				CLANG_CXX_LIBRARY = "libc++";
				CLANG_ENABLE_MODULES = YES;
				CLANG_ENABLE_OBJC_ARC = YES;
				CLANG_WARN_BOOL_CONVERSION = YES;
				CLANG_WARN_CONSTANT_CONVERSION = YES;
				CLANG_WARN_DIRECT_OBJC_ISA_USAGE = YES_ERROR;
				CLANG_WARN_DOCUMENTATION_COMMENTS = YES;
				CLANG_WARN_EMPTY_BODY = YES;
				CLANG_WARN_ENUM_CONVERSION = YES;
				CLANG_WARN_INFINITE_RECURSION = YES;
				CLANG_WARN_INT_CONVERSION = YES;
				CLANG_WARN_OBJC_ROOT_CLASS = YES_ERROR;
				CLANG_WARN_SUSPICIOUS_MOVES = YES;
				CLANG_WARN_UNREACHABLE_CODE = YES;
				CLANG_WARN__DUPLICATE_METHOD_MATCH = YES;
				"CODE_SIGN_IDENTITY[sdk=iphoneos*]" = "iPhone Developer";
				COPY_PHASE_STRIP = NO;
				DEBUG_INFORMATION_FORMAT = dwarf;
				ENABLE_STRICT_OBJC_MSGSEND = YES;
				ENABLE_TESTABILITY = YES;
				GCC_C_LANGUAGE_STANDARD = gnu99;
				GCC_DYNAMIC_NO_PIC = NO;
				GCC_NO_COMMON_BLOCKS = YES;
				GCC_OPTIMIZATION_LEVEL = 0;
				GCC_PREPROCESSOR_DEFINITIONS = (
					"DEBUG=1",
					"$(inherited)",
				);
				GCC_WARN_64_TO_32_BIT_CONVERSION = YES;
				GCC_WARN_ABOUT_RETURN_TYPE = YES_ERROR;
				GCC_WARN_UNDECLARED_SELECTOR = YES;
				GCC_WARN_UNINITIALIZED_AUTOS = YES_AGGRESSIVE;
				GCC_WARN_UNUSED_FUNCTION = YES;
				GCC_WARN_UNUSED_VARIABLE = YES;
				IPHONEOS_DEPLOYMENT_TARGET = 10.1;
				MTL_ENABLE_DEBUG_INFO = YES;
				ONLY_ACTIVE_ARCH = YES;
				SDKROOT = iphoneos;
				SWIFT_ACTIVE_COMPILATION_CONDITIONS = DEBUG;
				SWIFT_OPTIMIZATION_LEVEL = "-Onone";
			};
			name = Debug;
		};
		4869AAE51DE29AB900B8325F /* Release */ = {
			isa = XCBuildConfiguration;
			buildSettings = {
				ALWAYS_SEARCH_USER_PATHS = NO;
				CLANG_ANALYZER_NONNULL = YES;
				CLANG_CXX_LANGUAGE_STANDARD = "gnu++0x";
				CLANG_CXX_LIBRARY = "libc++";
				CLANG_ENABLE_MODULES = YES;
				CLANG_ENABLE_OBJC_ARC = YES;
				CLANG_WARN_BOOL_CONVERSION = YES;
				CLANG_WARN_CONSTANT_CONVERSION = YES;
				CLANG_WARN_DIRECT_OBJC_ISA_USAGE = YES_ERROR;
				CLANG_WARN_DOCUMENTATION_COMMENTS = YES;
				CLANG_WARN_EMPTY_BODY = YES;
				CLANG_WARN_ENUM_CONVERSION = YES;
				CLANG_WARN_INFINITE_RECURSION = YES;
				CLANG_WARN_INT_CONVERSION = YES;
				CLANG_WARN_OBJC_ROOT_CLASS = YES_ERROR;
				CLANG_WARN_SUSPICIOUS_MOVES = YES;
				CLANG_WARN_UNREACHABLE_CODE = YES;
				CLANG_WARN__DUPLICATE_METHOD_MATCH = YES;
				"CODE_SIGN_IDENTITY[sdk=iphoneos*]" = "iPhone Developer";
				COPY_PHASE_STRIP = NO;
				DEBUG_INFORMATION_FORMAT = "dwarf-with-dsym";
				ENABLE_NS_ASSERTIONS = NO;
				ENABLE_STRICT_OBJC_MSGSEND = YES;
				GCC_C_LANGUAGE_STANDARD = gnu99;
				GCC_NO_COMMON_BLOCKS = YES;
				GCC_WARN_64_TO_32_BIT_CONVERSION = YES;
				GCC_WARN_ABOUT_RETURN_TYPE = YES_ERROR;
				GCC_WARN_UNDECLARED_SELECTOR = YES;
				GCC_WARN_UNINITIALIZED_AUTOS = YES_AGGRESSIVE;
				GCC_WARN_UNUSED_FUNCTION = YES;
				GCC_WARN_UNUSED_VARIABLE = YES;
				IPHONEOS_DEPLOYMENT_TARGET = 10.1;
				MTL_ENABLE_DEBUG_INFO = NO;
				SDKROOT = iphoneos;
				SWIFT_OPTIMIZATION_LEVEL = "-Owholemodule";
				VALIDATE_PRODUCT = YES;
			};
			name = Release;
		};
		4869AAE71DE29AB900B8325F /* Debug */ = {
			isa = XCBuildConfiguration;
			buildSettings = {
				ASSETCATALOG_COMPILER_APPICON_NAME = AppIcon;
				INFOPLIST_FILE = TodoApp/Info.plist;
				LD_RUNPATH_SEARCH_PATHS = "$(inherited) @executable_path/Frameworks";
				PRODUCT_BUNDLE_IDENTIFIER = com.burnetttech.TodoApp;
				PRODUCT_NAME = "$(TARGET_NAME)";
				SWIFT_VERSION = 3.0;
			};
			name = Debug;
		};
		4869AAE81DE29AB900B8325F /* Release */ = {
			isa = XCBuildConfiguration;
			buildSettings = {
				ASSETCATALOG_COMPILER_APPICON_NAME = AppIcon;
				INFOPLIST_FILE = TodoApp/Info.plist;
				LD_RUNPATH_SEARCH_PATHS = "$(inherited) @executable_path/Frameworks";
				PRODUCT_BUNDLE_IDENTIFIER = com.burnetttech.TodoApp;
				PRODUCT_NAME = "$(TARGET_NAME)";
				SWIFT_VERSION = 3.0;
			};
			name = Release;
		};
		4869AAEA1DE29AB900B8325F /* Debug */ = {
			isa = XCBuildConfiguration;
			buildSettings = {
				ALWAYS_EMBED_SWIFT_STANDARD_LIBRARIES = YES;
				BUNDLE_LOADER = "$(TEST_HOST)";
				INFOPLIST_FILE = TodoAppTests/Info.plist;
				LD_RUNPATH_SEARCH_PATHS = "$(inherited) @executable_path/Frameworks @loader_path/Frameworks";
				PRODUCT_BUNDLE_IDENTIFIER = com.burnetttech.TodoAppTests;
				PRODUCT_NAME = "$(TARGET_NAME)";
				SWIFT_VERSION = 3.0;
				TEST_HOST = "$(BUILT_PRODUCTS_DIR)/TodoApp.app/TodoApp";
			};
			name = Debug;
		};
		4869AAEB1DE29AB900B8325F /* Release */ = {
			isa = XCBuildConfiguration;
			buildSettings = {
				ALWAYS_EMBED_SWIFT_STANDARD_LIBRARIES = YES;
				BUNDLE_LOADER = "$(TEST_HOST)";
				INFOPLIST_FILE = TodoAppTests/Info.plist;
				LD_RUNPATH_SEARCH_PATHS = "$(inherited) @executable_path/Frameworks @loader_path/Frameworks";
				PRODUCT_BUNDLE_IDENTIFIER = com.burnetttech.TodoAppTests;
				PRODUCT_NAME = "$(TARGET_NAME)";
				SWIFT_VERSION = 3.0;
				TEST_HOST = "$(BUILT_PRODUCTS_DIR)/TodoApp.app/TodoApp";
			};
			name = Release;
		};
		4869AAED1DE29AB900B8325F /* Debug */ = {
			isa = XCBuildConfiguration;
			buildSettings = {
				ALWAYS_EMBED_SWIFT_STANDARD_LIBRARIES = YES;
				INFOPLIST_FILE = TodoAppUITests/Info.plist;
				LD_RUNPATH_SEARCH_PATHS = "$(inherited) @executable_path/Frameworks @loader_path/Frameworks";
				PRODUCT_BUNDLE_IDENTIFIER = com.burnetttech.TodoAppUITests;
				PRODUCT_NAME = "$(TARGET_NAME)";
				SWIFT_VERSION = 3.0;
				TEST_TARGET_NAME = TodoApp;
			};
			name = Debug;
		};
		4869AAEE1DE29AB900B8325F /* Release */ = {
			isa = XCBuildConfiguration;
			buildSettings = {
				ALWAYS_EMBED_SWIFT_STANDARD_LIBRARIES = YES;
				INFOPLIST_FILE = TodoAppUITests/Info.plist;
				LD_RUNPATH_SEARCH_PATHS = "$(inherited) @executable_path/Frameworks @loader_path/Frameworks";
				PRODUCT_BUNDLE_IDENTIFIER = com.burnetttech.TodoAppUITests;
				PRODUCT_NAME = "$(TARGET_NAME)";
				SWIFT_VERSION = 3.0;
				TEST_TARGET_NAME = TodoApp;
			};
			name = Release;
		};
/* End XCBuildConfiguration section */

/* Begin XCConfigurationList section */
		4869AAB91DE29AB900B8325F /* Build configuration list for PBXProject "TodoApp" */ = {
			isa = XCConfigurationList;
			buildConfigurations = (
				4869AAE41DE29AB900B8325F /* Debug */,
				4869AAE51DE29AB900B8325F /* Release */,
			);
			defaultConfigurationIsVisible = 0;
			defaultConfigurationName = Release;
		};
		4869AAE61DE29AB900B8325F /* Build configuration list for PBXNativeTarget "TodoApp" */ = {
			isa = XCConfigurationList;
			buildConfigurations = (
				4869AAE71DE29AB900B8325F /* Debug */,
				4869AAE81DE29AB900B8325F /* Release */,
			);
			defaultConfigurationIsVisible = 0;
		};
		4869AAE91DE29AB900B8325F /* Build configuration list for PBXNativeTarget "TodoAppTests" */ = {
			isa = XCConfigurationList;
			buildConfigurations = (
				4869AAEA1DE29AB900B8325F /* Debug */,
				4869AAEB1DE29AB900B8325F /* Release */,
			);
			defaultConfigurationIsVisible = 0;
		};
		4869AAEC1DE29AB900B8325F /* Build configuration list for PBXNativeTarget "TodoAppUITests" */ = {
			isa = XCConfigurationList;
			buildConfigurations = (
				4869AAED1DE29AB900B8325F /* Debug */,
				4869AAEE1DE29AB900B8325F /* Release */,
			);
			defaultConfigurationIsVisible = 0;
		};
/* End XCConfigurationList section */
	};
	rootObject = 4869AAB61DE29AB900B8325F /* Project object */;
}
